
Microsoft Visual Studio Solution File, Format Version 12.00
# Visual Studio Version 17
VisualStudioVersion = 17.9.34607.119
MinimumVisualStudioVersion = 10.0.40219.1
Project("{FAE04EC0-301F-11D3-BF4B-00C04F79EFBC}") = "WebViewForm", "WebViewForm\WebViewForm.csproj", "{330E53FD-565D-424A-8206-4CBC88382140}"
EndProject
Global
	GlobalSection(SolutionConfigurationPlatforms) = preSolution
		Debug|Any CPU = Debug|Any CPU
		Release|Any CPU = Release|Any CPU
	EndGlobalSection
	GlobalSection(ProjectConfigurationPlatforms) = postSolution
		{330E53FD-565D-424A-8206-4CBC88382140}.Debug|Any CPU.ActiveCfg = Debug|Any CPU
		{330E53FD-565D-424A-8206-4CBC88382140}.Debug|Any CPU.Build.0 = Debug|Any CPU
		{330E53FD-565D-424A-8206-4CBC88382140}.Release|Any CPU.ActiveCfg = Release|Any CPU
		{330E53FD-565D-424A-8206-4CBC88382140}.Release|Any CPU.Build.0 = Release|Any CPU
	EndGlobalSection
	GlobalSection(SolutionProperties) = preSolution
		HideSolutionNode = FALSE
	EndGlobalSection
	GlobalSection(ExtensibilityGlobals) = postSolution
		SolutionGuid = {35D7A400-16AD-470F-996F-ECB2E0F4A5E9}
	EndGlobalSection
EndGlobal
